
Microsoft Visual Studio Solution File, Format Version 12.00
# Visual Studio Version 17
VisualStudioVersion = 17.6.33815.320
MinimumVisualStudioVersion = 10.0.40219.1
Project("{FAE04EC0-301F-11D3-BF4B-00C04F79EFBC}") = "ULSolutions.Api", "ULSolutions.Api\ULSolutions.Api.csproj", "{07B1C7FD-2DD1-410A-A2F1-9536832C596B}"
EndProject
Project("{FAE04EC0-301F-11D3-BF4B-00C04F79EFBC}") = "ULSolutions.Business", "ULSolutions.Business\ULSolutions.Business.csproj", "{462AA705-D527-44BE-9850-D6825CAF6779}"
EndProject
Project("{FAE04EC0-301F-11D3-BF4B-00C04F79EFBC}") = "ULSolutions.Test", "ULSolutions.Test\ULSolutions.Test.csproj", "{C9F84407-2440-4BB5-811F-B5BE0F2977AB}"
EndProject
Global
	GlobalSection(SolutionConfigurationPlatforms) = preSolution
		Debug|Any CPU = Debug|Any CPU
		Release|Any CPU = Release|Any CPU
	EndGlobalSection
	GlobalSection(ProjectConfigurationPlatforms) = postSolution
		{07B1C7FD-2DD1-410A-A2F1-9536832C596B}.Debug|Any CPU.ActiveCfg = Debug|Any CPU
		{07B1C7FD-2DD1-410A-A2F1-9536832C596B}.Debug|Any CPU.Build.0 = Debug|Any CPU
		{07B1C7FD-2DD1-410A-A2F1-9536832C596B}.Release|Any CPU.ActiveCfg = Release|Any CPU
		{07B1C7FD-2DD1-410A-A2F1-9536832C596B}.Release|Any CPU.Build.0 = Release|Any CPU
		{462AA705-D527-44BE-9850-D6825CAF6779}.Debug|Any CPU.ActiveCfg = Debug|Any CPU
		{462AA705-D527-44BE-9850-D6825CAF6779}.Debug|Any CPU.Build.0 = Debug|Any CPU
		{462AA705-D527-44BE-9850-D6825CAF6779}.Release|Any CPU.ActiveCfg = Release|Any CPU
		{462AA705-D527-44BE-9850-D6825CAF6779}.Release|Any CPU.Build.0 = Release|Any CPU
		{C9F84407-2440-4BB5-811F-B5BE0F2977AB}.Debug|Any CPU.ActiveCfg = Debug|Any CPU
		{C9F84407-2440-4BB5-811F-B5BE0F2977AB}.Debug|Any CPU.Build.0 = Debug|Any CPU
		{C9F84407-2440-4BB5-811F-B5BE0F2977AB}.Release|Any CPU.ActiveCfg = Release|Any CPU
		{C9F84407-2440-4BB5-811F-B5BE0F2977AB}.Release|Any CPU.Build.0 = Release|Any CPU
	EndGlobalSection
	GlobalSection(SolutionProperties) = preSolution
		HideSolutionNode = FALSE
	EndGlobalSection
	GlobalSection(ExtensibilityGlobals) = postSolution
		SolutionGuid = {1DB16681-2EA0-43E9-A0E1-9341AD3E881C}
	EndGlobalSection
EndGlobal
